
Microsoft Visual Studio Solution File, Format Version 11.00
# Visual Studio 2010
Project("{8BC9CEB8-8B4A-11D0-8D11-00A0C91BC942}") = "Advanced_Physics_Assignment_3", "Advanced_Physics_Assignment_3\Advanced_Physics_Assignment_3.vcxproj", "{A20D5B94-2F12-4AA3-9181-3C7E0E111483}"
EndProject
Global
	GlobalSection(SolutionConfigurationPlatforms) = preSolution
		Debug|Win32 = Debug|Win32
		Release|Win32 = Release|Win32
	EndGlobalSection
	GlobalSection(ProjectConfigurationPlatforms) = postSolution
		{A20D5B94-2F12-4AA3-9181-3C7E0E111483}.Debug|Win32.ActiveCfg = Debug|Win32
		{A20D5B94-2F12-4AA3-9181-3C7E0E111483}.Debug|Win32.Build.0 = Debug|Win32
		{A20D5B94-2F12-4AA3-9181-3C7E0E111483}.Release|Win32.ActiveCfg = Release|Win32
		{A20D5B94-2F12-4AA3-9181-3C7E0E111483}.Release|Win32.Build.0 = Release|Win32
	EndGlobalSection
	GlobalSection(SolutionProperties) = preSolution
		HideSolutionNode = FALSE
	EndGlobalSection
EndGlobal
